Microsoft Visual Studio Solution File, Format Version 11.00
# Visual Studio 2008

Project("{E363E5B0-94B7-21FF-C312-57B142847093}") = "GameJam 2016", "Assembly-CSharp-firstpass.csproj", "{341BBD06-BC39-E784-B348-7A7A848E21E5}"
EndProject
Project("{E363E5B0-94B7-21FF-C312-57B142847093}") = "GameJam 2016", "Assembly-CSharp.csproj", "{A2198A4A-EA1B-9704-B5CB-101A1005C19A}"
EndProject
Project("{E363E5B0-94B7-21FF-C312-57B142847093}") = "GameJam 2016", "Assembly-CSharp-Editor.csproj", "{559E8CCD-DCBE-4057-FF66-8048C0B41CDB}"
EndProject
Global
	GlobalSection(SolutionConfigurationPlatforms) = preSolution
		Debug|Any CPU = Debug|Any CPU
		Release|Any CPU = Release|Any CPU
	EndGlobalSection
	GlobalSection(ProjectConfigurationPlatforms) = postSolution
		{341BBD06-BC39-E784-B348-7A7A848E21E5}.Debug|Any CPU.ActiveCfg = Debug|Any CPU
		{341BBD06-BC39-E784-B348-7A7A848E21E5}.Debug|Any CPU.Build.0 = Debug|Any CPU
		{341BBD06-BC39-E784-B348-7A7A848E21E5}.Release|Any CPU.ActiveCfg = Release|Any CPU
		{341BBD06-BC39-E784-B348-7A7A848E21E5}.Release|Any CPU.Build.0 = Release|Any CPU
		{A2198A4A-EA1B-9704-B5CB-101A1005C19A}.Debug|Any CPU.ActiveCfg = Debug|Any CPU
		{A2198A4A-EA1B-9704-B5CB-101A1005C19A}.Debug|Any CPU.Build.0 = Debug|Any CPU
		{A2198A4A-EA1B-9704-B5CB-101A1005C19A}.Release|Any CPU.ActiveCfg = Release|Any CPU
		{A2198A4A-EA1B-9704-B5CB-101A1005C19A}.Release|Any CPU.Build.0 = Release|Any CPU
		{559E8CCD-DCBE-4057-FF66-8048C0B41CDB}.Debug|Any CPU.ActiveCfg = Debug|Any CPU
		{559E8CCD-DCBE-4057-FF66-8048C0B41CDB}.Debug|Any CPU.Build.0 = Debug|Any CPU
		{559E8CCD-DCBE-4057-FF66-8048C0B41CDB}.Release|Any CPU.ActiveCfg = Release|Any CPU
		{559E8CCD-DCBE-4057-FF66-8048C0B41CDB}.Release|Any CPU.Build.0 = Release|Any CPU
	EndGlobalSection
	GlobalSection(SolutionProperties) = preSolution
		HideSolutionNode = FALSE
	EndGlobalSection
	GlobalSection(MonoDevelopProperties) = preSolution
		StartupItem = Assembly-CSharp.csproj
	EndGlobalSection
EndGlobal
